
Microsoft Visual Studio Solution File, Format Version 12.00
# Visual Studio 15
VisualStudioVersion = 15.0.26124.0
MinimumVisualStudioVersion = 15.0.26124.0
Project("{2150E333-8FDC-42A3-9474-1A3956D46DE8}") = "src", "src", "{032BA916-88E0-446A-9BC8-1D68DA8A90C1}"
EndProject
Project("{FAE04EC0-301F-11D3-BF4B-00C04F79EFBC}") = "SimpleAPI", "src\SimpleAPI\SimpleAPI.csproj", "{CEE41467-1539-4F7C-9B67-CE56FE93CE3D}"
EndProject
Project("{2150E333-8FDC-42A3-9474-1A3956D46DE8}") = "test", "test", "{DC4D43E5-24FB-4376-ABD1-9242A71F252F}"
EndProject
Project("{FAE04EC0-301F-11D3-BF4B-00C04F79EFBC}") = "SimpleApi.Test", "test\SimpleAPI.Test\SimpleApi.Test.csproj", "{DF79171E-48E9-459C-84E2-E12556D7A38F}"
EndProject
Global
	GlobalSection(SolutionConfigurationPlatforms) = preSolution
		Debug|Any CPU = Debug|Any CPU
		Debug|x64 = Debug|x64
		Debug|x86 = Debug|x86
		Release|Any CPU = Release|Any CPU
		Release|x64 = Release|x64
		Release|x86 = Release|x86
	EndGlobalSection
	GlobalSection(SolutionProperties) = preSolution
		HideSolutionNode = FALSE
	EndGlobalSection
	GlobalSection(ProjectConfigurationPlatforms) = postSolution
		{CEE41467-1539-4F7C-9B67-CE56FE93CE3D}.Debug|Any CPU.ActiveCfg = Debug|Any CPU
		{CEE41467-1539-4F7C-9B67-CE56FE93CE3D}.Debug|Any CPU.Build.0 = Debug|Any CPU
		{CEE41467-1539-4F7C-9B67-CE56FE93CE3D}.Debug|x64.ActiveCfg = Debug|Any CPU
		{CEE41467-1539-4F7C-9B67-CE56FE93CE3D}.Debug|x64.Build.0 = Debug|Any CPU
		{CEE41467-1539-4F7C-9B67-CE56FE93CE3D}.Debug|x86.ActiveCfg = Debug|Any CPU
		{CEE41467-1539-4F7C-9B67-CE56FE93CE3D}.Debug|x86.Build.0 = Debug|Any CPU
		{CEE41467-1539-4F7C-9B67-CE56FE93CE3D}.Release|Any CPU.ActiveCfg = Release|Any CPU
		{CEE41467-1539-4F7C-9B67-CE56FE93CE3D}.Release|Any CPU.Build.0 = Release|Any CPU
		{CEE41467-1539-4F7C-9B67-CE56FE93CE3D}.Release|x64.ActiveCfg = Release|Any CPU
		{CEE41467-1539-4F7C-9B67-CE56FE93CE3D}.Release|x64.Build.0 = Release|Any CPU
		{CEE41467-1539-4F7C-9B67-CE56FE93CE3D}.Release|x86.ActiveCfg = Release|Any CPU
		{CEE41467-1539-4F7C-9B67-CE56FE93CE3D}.Release|x86.Build.0 = Release|Any CPU
		{DF79171E-48E9-459C-84E2-E12556D7A38F}.Debug|Any CPU.ActiveCfg = Debug|Any CPU
		{DF79171E-48E9-459C-84E2-E12556D7A38F}.Debug|Any CPU.Build.0 = Debug|Any CPU
		{DF79171E-48E9-459C-84E2-E12556D7A38F}.Debug|x64.ActiveCfg = Debug|Any CPU
		{DF79171E-48E9-459C-84E2-E12556D7A38F}.Debug|x64.Build.0 = Debug|Any CPU
		{DF79171E-48E9-459C-84E2-E12556D7A38F}.Debug|x86.ActiveCfg = Debug|Any CPU
		{DF79171E-48E9-459C-84E2-E12556D7A38F}.Debug|x86.Build.0 = Debug|Any CPU
		{DF79171E-48E9-459C-84E2-E12556D7A38F}.Release|Any CPU.ActiveCfg = Release|Any CPU
		{DF79171E-48E9-459C-84E2-E12556D7A38F}.Release|Any CPU.Build.0 = Release|Any CPU
		{DF79171E-48E9-459C-84E2-E12556D7A38F}.Release|x64.ActiveCfg = Release|Any CPU
		{DF79171E-48E9-459C-84E2-E12556D7A38F}.Release|x64.Build.0 = Release|Any CPU
		{DF79171E-48E9-459C-84E2-E12556D7A38F}.Release|x86.ActiveCfg = Release|Any CPU
		{DF79171E-48E9-459C-84E2-E12556D7A38F}.Release|x86.Build.0 = Release|Any CPU
	EndGlobalSection
	GlobalSection(NestedProjects) = preSolution
		{CEE41467-1539-4F7C-9B67-CE56FE93CE3D} = {032BA916-88E0-446A-9BC8-1D68DA8A90C1}
		{DF79171E-48E9-459C-84E2-E12556D7A38F} = {DC4D43E5-24FB-4376-ABD1-9242A71F252F}
	EndGlobalSection
EndGlobal
